
Microsoft Visual Studio Solution File, Format Version 12.00
# Visual Studio Version 16
VisualStudioVersion = 16.0.29519.181
MinimumVisualStudioVersion = 10.0.40219.1
Project("{FAE04EC0-301F-11D3-BF4B-00C04F79EFBC}") = "RazorPagesSample", "RazorPagesSample\RazorPagesSample.csproj", "{7D538E49-0643-4903-BC88-DF6E6E069BFC}"
EndProject
Global
	GlobalSection(SolutionConfigurationPlatforms) = preSolution
		Debug|Any CPU = Debug|Any CPU
		Release|Any CPU = Release|Any CPU
	EndGlobalSection
	GlobalSection(ProjectConfigurationPlatforms) = postSolution
		{7D538E49-0643-4903-BC88-DF6E6E069BFC}.Debug|Any CPU.ActiveCfg = Debug|Any CPU
		{7D538E49-0643-4903-BC88-DF6E6E069BFC}.Debug|Any CPU.Build.0 = Debug|Any CPU
		{7D538E49-0643-4903-BC88-DF6E6E069BFC}.Release|Any CPU.ActiveCfg = Release|Any CPU
		{7D538E49-0643-4903-BC88-DF6E6E069BFC}.Release|Any CPU.Build.0 = Release|Any CPU
	EndGlobalSection
	GlobalSection(SolutionProperties) = preSolution
		HideSolutionNode = FALSE
	EndGlobalSection
	GlobalSection(ExtensibilityGlobals) = postSolution
		SolutionGuid = {AEB15F0F-2B1A-41BD-969D-143734DE3E04}
	EndGlobalSection
EndGlobal
